{
    "_readme": [
        "This test file stores a dep graph",
        "The first package has all available fields for testing",
        "and all subsequent pacakges are trimmed"
    ],
    "content-hash": "9b94ece2895724239b36aec399e5321a",
    "packages": [
        {
            "name": "one",
            "version": "1.0.0",
            "source": {
                "type": "git",
                "url": "https://github.com/composer/one.git",
                "reference": "1"
            },
            "dist": {
                "type": "zip",
                "url": "https://api.github.com/repos/composer/ca-bundle/zipball/95c63ab2117a72f48f5a55da9740a3273d45b7fd",
                "reference": "95c63ab2117a72f48f5a55da9740a3273d45b7fd",
                "shasum": ""
            },
            "require": {
                "two": "*",
                "three": "*"
            },
            "require-dev": {
                "five": "^4.8.35 || ^5.7 || 6.5 - 8"
            },
            "type": "library",
            "extra": {
                "branch-alias": {
                    "dev-master": "1.x-dev"
                }
            },
            "autoload": {
                "psr-4": {
                    "ComposerCaBundle": "src"
                }
            },
            "notification-url": "https://packagist.org/downloads/",
            "license": [
                "MIT"
            ],
            "authors": [
                {
                    "name": "Mr. Code",
                    "email": "mrcode@coding.com",
                    "homepage": "http://theinternet.com"
                }
            ],
            "description": "description",
            "keywords": [
                "cabundle"
            ],
            "support": {
                "irc": "irc://irc.freenode.org/composer",
                "issues": "https://github.com/composer/ca-bundle/issues",
                "source": "https://github.com/composer/ca-bundle/tree/1.2.7"
            },
            "funding": [
                {
                    "url": "https://packagist.com",
                    "type": "custom"
                },
                {
                    "url": "github.com",
                    "type": "github"
                }
            ],
            "time": "2020-04-08T08:27:21+00:00"
        },
        {
            "name": "two",
            "version": "2.0.0",
            "source": {
                "type": "git",
                "url": "https://github.com/composer/two",
                "reference": "2"
            },
            "require": {
                "four": "^5.3.2 || ^7.0 || ^8.0"
            },
            "require-dev": {
                "five": "^0.12.19"
            }
        },
        {
            "name": "three",
            "version": "3.0.0",
            "source": {
                "type": "git",
                "url": "https://github.com/composer/three",
                "reference": "3"
            }
        },
        {
            "name": "four",
            "version": "4.0.0",
            "source": {
                "type": "git",
                "url": "https://github.com/composer/four",
                "reference": "4"
            }
        }
    ],
    "packages-dev": [
        {
            "name": "five",
            "version": "5.0.0",
            "source": {
                "type": "git",
                "url": "https://github.com/composer/five",
                "reference": "5"
            }
      }
    ],
    "aliases": [],
    "minimum-stability": "stable",
    "stability-flags": [],
    "prefer-stable": false,
    "prefer-lowest": false,
    "platform": {
        "php": "^5.3.2 || ^7.0 || ^8.0"
    },
    "platform-dev": [],
    "platform-overrides": {
        "php": "5.3.9"
    },
    "plugin-api-version": "2.0.0"
}
